
Microsoft Visual Studio Solution File, Format Version 12.00
# Visual Studio Version 17
VisualStudioVersion = 17.2.32616.157
MinimumVisualStudioVersion = 10.0.40219.1
Project("{FAE04EC0-301F-11D3-BF4B-00C04F79EFBC}") = "PDRPC.Core", "PDRPC.Core.csproj", "{55400785-2EBD-4542-9DC5-550E7827D0A3}"
EndProject
Global
	GlobalSection(SolutionConfigurationPlatforms) = preSolution
		Debug|Any CPU = Debug|Any CPU
		Release|Any CPU = Release|Any CPU
	EndGlobalSection
	GlobalSection(ProjectConfigurationPlatforms) = postSolution
		{55400785-2EBD-4542-9DC5-550E7827D0A3}.Debug|Any CPU.ActiveCfg = Debug|Any CPU
		{55400785-2EBD-4542-9DC5-550E7827D0A3}.Debug|Any CPU.Build.0 = Debug|Any CPU
		{55400785-2EBD-4542-9DC5-550E7827D0A3}.Release|Any CPU.ActiveCfg = Release|Any CPU
		{55400785-2EBD-4542-9DC5-550E7827D0A3}.Release|Any CPU.Build.0 = Release|Any CPU
	EndGlobalSection
	GlobalSection(SolutionProperties) = preSolution
		HideSolutionNode = FALSE
	EndGlobalSection
	GlobalSection(ExtensibilityGlobals) = postSolution
		SolutionGuid = {8C8D2E82-D324-4775-8C13-8E9A9088FF2A}
	EndGlobalSection
EndGlobal
